// !$*UTF8*$!
{
	archiveVersion = 1;
	classes = {
	};
	objectVersion = 46;
	objects = {

/* Begin PBXBuildFile section */
		BA0FCECE19E3DF3A00CE25B1 /* AppDelegate.swift in Sources */ = {isa = PBXBuildFile; fileRef = BA0FCECD19E3DF3A00CE25B1 /* AppDelegate.swift */; };
		BA0FCED019E3DF3A00CE25B1 /* ViewController.swift in Sources */ = {isa = PBXBuildFile; fileRef = BA0FCECF19E3DF3A00CE25B1 /* ViewController.swift */; };
		BA0FCED319E3DF3A00CE25B1 /* Main.storyboard in Resources */ = {isa = PBXBuildFile; fileRef = BA0FCED119E3DF3A00CE25B1 /* Main.storyboard */; };
		BA0FCED519E3DF3A00CE25B1 /* Images.xcassets in Resources */ = {isa = PBXBuildFile; fileRef = BA0FCED419E3DF3A00CE25B1 /* Images.xcassets */; };
		BA0FCED819E3DF3A00CE25B1 /* LaunchScreen.xib in Resources */ = {isa = PBXBuildFile; fileRef = BA0FCED619E3DF3A00CE25B1 /* LaunchScreen.xib */; };
		BA0FCEE419E3DF3A00CE25B1 /* PostcardTests.swift in Sources */ = {isa = PBXBuildFile; fileRef = BA0FCEE319E3DF3A00CE25B1 /* PostcardTests.swift */; };
		BA0FCEEE19E3E73500CE25B1 /* SagradaFamilia.jpeg in Resources */ = {isa = PBXBuildFile; fileRef = BA0FCEED19E3E73500CE25B1 /* SagradaFamilia.jpeg */; };
		BA0FCEF019E3EB3000CE25B1 /* AlbertEinsteinStamp.jpg in Resources */ = {isa = PBXBuildFile; fileRef = BA0FCEEF19E3EB3000CE25B1 /* AlbertEinsteinStamp.jpg */; };
/* End PBXBuildFile section */

/* Begin PBXContainerItemProxy section */
		BA0FCEDE19E3DF3A00CE25B1 /* PBXContainerItemProxy */ = {
			isa = PBXContainerItemProxy;
			containerPortal = BA0FCEC019E3DF3A00CE25B1 /* Project object */;
			proxyType = 1;
			remoteGlobalIDString = BA0FCEC719E3DF3A00CE25B1;
			remoteInfo = Postcard;
		};
/* End PBXContainerItemProxy section */

/* Begin PBXFileReference section */
		BA0FCEC819E3DF3A00CE25B1 /* Postcard.app */ = {isa = PBXFileReference; explicitFileType = wrapper.application; includeInIndex = 0; path = Postcard.app; sourceTree = BUILT_PRODUCTS_DIR; };
		BA0FCECC19E3DF3A00CE25B1 /* Info.plist */ = {isa = PBXFileReference; lastKnownFileType = text.plist.xml; path = Info.plist; sourceTree = "<group>"; };
		BA0FCECD19E3DF3A00CE25B1 /* AppDelegate.swift */ = {isa = PBXFileReference; lastKnownFileType = sourcecode.swift; path = AppDelegate.swift; sourceTree = "<group>"; };
		BA0FCECF19E3DF3A00CE25B1 /* ViewController.swift */ = {isa = PBXFileReference; lastKnownFileType = sourcecode.swift; path = ViewController.swift; sourceTree = "<group>"; };
		BA0FCED219E3DF3A00CE25B1 /* Base */ = {isa = PBXFileReference; lastKnownFileType = file.storyboard; name = Base; path = Base.lproj/Main.storyboard; sourceTree = "<group>"; };
		BA0FCED419E3DF3A00CE25B1 /* Images.xcassets */ = {isa = PBXFileReference; lastKnownFileType = folder.assetcatalog; path = Images.xcassets; sourceTree = "<group>"; };
		BA0FCED719E3DF3A00CE25B1 /* Base */ = {isa = PBXFileReference; lastKnownFileType = file.xib; name = Base; path = Base.lproj/LaunchScreen.xib; sourceTree = "<group>"; };
		BA0FCEDD19E3DF3A00CE25B1 /* PostcardTests.xctest */ = {isa = PBXFileReference; explicitFileType = wrapper.cfbundle; includeInIndex = 0; path = PostcardTests.xctest; sourceTree = BUILT_PRODUCTS_DIR; };
		BA0FCEE219E3DF3A00CE25B1 /* Info.plist */ = {isa = PBXFileReference; lastKnownFileType = text.plist.xml; path = Info.plist; sourceTree = "<group>"; };
		BA0FCEE319E3DF3A00CE25B1 /* PostcardTests.swift */ = {isa = PBXFileReference; lastKnownFileType = sourcecode.swift; path = PostcardTests.swift; sourceTree = "<group>"; };
		BA0FCEED19E3E73500CE25B1 /* SagradaFamilia.jpeg */ = {isa = PBXFileReference; lastKnownFileType = image.jpeg; name = SagradaFamilia.jpeg; path = PostcardTests/SagradaFamilia.jpeg; sourceTree = SOURCE_ROOT; };
		BA0FCEEF19E3EB3000CE25B1 /* AlbertEinsteinStamp.jpg */ = {isa = PBXFileReference; lastKnownFileType = image.jpeg; name = AlbertEinsteinStamp.jpg; path = PostcardTests/AlbertEinsteinStamp.jpg; sourceTree = SOURCE_ROOT; };
/* End PBXFileReference section */

/* Begin PBXFrameworksBuildPhase section */
		BA0FCEC519E3DF3A00CE25B1 /* Frameworks */ = {
			isa = PBXFrameworksBuildPhase;
			buildActionMask = 2147483647;
			files = (
			);
			runOnlyForDeploymentPostprocessing = 0;
		};
		BA0FCEDA19E3DF3A00CE25B1 /* Frameworks */ = {
			isa = PBXFrameworksBuildPhase;
			buildActionMask = 2147483647;
			files = (
			);
			runOnlyForDeploymentPostprocessing = 0;
		};
/* End PBXFrameworksBuildPhase section */

/* Begin PBXGroup section */
		BA0FCEBF19E3DF3A00CE25B1 = {
			isa = PBXGroup;
			children = (
				BA0FCECA19E3DF3A00CE25B1 /* Postcard */,
				BA0FCEE019E3DF3A00CE25B1 /* PostcardTests */,
				BA0FCEC919E3DF3A00CE25B1 /* Products */,
			);
			sourceTree = "<group>";
		};
		BA0FCEC919E3DF3A00CE25B1 /* Products */ = {
			isa = PBXGroup;
			children = (
				BA0FCEC819E3DF3A00CE25B1 /* Postcard.app */,
				BA0FCEDD19E3DF3A00CE25B1 /* PostcardTests.xctest */,
			);
			name = Products;
			sourceTree = "<group>";
		};
		BA0FCECA19E3DF3A00CE25B1 /* Postcard */ = {
			isa = PBXGroup;
			children = (
				BA0FCECD19E3DF3A00CE25B1 /* AppDelegate.swift */,
				BA0FCECF19E3DF3A00CE25B1 /* ViewController.swift */,
				BA0FCED119E3DF3A00CE25B1 /* Main.storyboard */,
				BA0FCED419E3DF3A00CE25B1 /* Images.xcassets */,
				BA0FCED619E3DF3A00CE25B1 /* LaunchScreen.xib */,
				BA0FCEED19E3E73500CE25B1 /* SagradaFamilia.jpeg */,
				BA0FCECB19E3DF3A00CE25B1 /* Supporting Files */,
			);
			path = Postcard;
			sourceTree = "<group>";
		};
		BA0FCECB19E3DF3A00CE25B1 /* Supporting Files */ = {
			isa = PBXGroup;
			children = (
				BA0FCEEF19E3EB3000CE25B1 /* AlbertEinsteinStamp.jpg */,
				BA0FCECC19E3DF3A00CE25B1 /* Info.plist */,
			);
			name = "Supporting Files";
			sourceTree = "<group>";
		};
		BA0FCEE019E3DF3A00CE25B1 /* PostcardTests */ = {
			isa = PBXGroup;
			children = (
				BA0FCEE319E3DF3A00CE25B1 /* PostcardTests.swift */,
				BA0FCEE119E3DF3A00CE25B1 /* Supporting Files */,
			);
			path = PostcardTests;
			sourceTree = "<group>";
		};
		BA0FCEE119E3DF3A00CE25B1 /* Supporting Files */ = {
			isa = PBXGroup;
			children = (
				BA0FCEE219E3DF3A00CE25B1 /* Info.plist */,
			);
			name = "Supporting Files";
			sourceTree = "<group>";
		};
/* End PBXGroup section */

/* Begin PBXNativeTarget section */
		BA0FCEC719E3DF3A00CE25B1 /* Postcard */ = {
			isa = PBXNativeTarget;
			buildConfigurationList = BA0FCEE719E3DF3A00CE25B1 /* Build configuration list for PBXNativeTarget "Postcard" */;
			buildPhases = (
				BA0FCEC419E3DF3A00CE25B1 /* Sources */,
				BA0FCEC519E3DF3A00CE25B1 /* Frameworks */,
				BA0FCEC619E3DF3A00CE25B1 /* Resources */,
			);
			buildRules = (
			);
			dependencies = (
			);
			name = Postcard;
			productName = Postcard;
			productReference = BA0FCEC819E3DF3A00CE25B1 /* Postcard.app */;
			productType = "com.apple.product-type.application";
		};
		BA0FCEDC19E3DF3A00CE25B1 /* PostcardTests */ = {
			isa = PBXNativeTarget;
			buildConfigurationList = BA0FCEEA19E3DF3A00CE25B1 /* Build configuration list for PBXNativeTarget "PostcardTests" */;
			buildPhases = (
				BA0FCED919E3DF3A00CE25B1 /* Sources */,
				BA0FCEDA19E3DF3A00CE25B1 /* Frameworks */,
				BA0FCEDB19E3DF3A00CE25B1 /* Resources */,
			);
			buildRules = (
			);
			dependencies = (
				BA0FCEDF19E3DF3A00CE25B1 /* PBXTargetDependency */,
			);
			name = PostcardTests;
			productName = PostcardTests;
			productReference = BA0FCEDD19E3DF3A00CE25B1 /* PostcardTests.xctest */;
			productType = "com.apple.product-type.bundle.unit-test";
		};
/* End PBXNativeTarget section */

/* Begin PBXProject section */
		BA0FCEC019E3DF3A00CE25B1 /* Project object */ = {
			isa = PBXProject;
			attributes = {
				LastUpgradeCheck = 0600;
				ORGANIZATIONNAME = Outlook;
				TargetAttributes = {
					BA0FCEC719E3DF3A00CE25B1 = {
						CreatedOnToolsVersion = 6.0;
					};
					BA0FCEDC19E3DF3A00CE25B1 = {
						CreatedOnToolsVersion = 6.0;
						TestTargetID = BA0FCEC719E3DF3A00CE25B1;
					};
				};
			};
			buildConfigurationList = BA0FCEC319E3DF3A00CE25B1 /* Build configuration list for PBXProject "Postcard" */;
			compatibilityVersion = "Xcode 3.2";
			developmentRegion = English;
			hasScannedForEncodings = 0;
			knownRegions = (
				en,
				Base,
			);
			mainGroup = BA0FCEBF19E3DF3A00CE25B1;
			productRefGroup = BA0FCEC919E3DF3A00CE25B1 /* Products */;
			projectDirPath = "";
			projectRoot = "";
			targets = (
				BA0FCEC719E3DF3A00CE25B1 /* Postcard */,
				BA0FCEDC19E3DF3A00CE25B1 /* PostcardTests */,
			);
		};
/* End PBXProject section */

/* Begin PBXResourcesBuildPhase section */
		BA0FCEC619E3DF3A00CE25B1 /* Resources */ = {
			isa = PBXResourcesBuildPhase;
			buildActionMask = 2147483647;
			files = (
				BA0FCED319E3DF3A00CE25B1 /* Main.storyboard in Resources */,
				BA0FCEEE19E3E73500CE25B1 /* SagradaFamilia.jpeg in Resources */,
				BA0FCEF019E3EB3000CE25B1 /* AlbertEinsteinStamp.jpg in Resources */,
				BA0FCED819E3DF3A00CE25B1 /* LaunchScreen.xib in Resources */,
				BA0FCED519E3DF3A00CE25B1 /* Images.xcassets in Resources */,
			);
			runOnlyForDeploymentPostprocessing = 0;
		};
		BA0FCEDB19E3DF3A00CE25B1 /* Resources */ = {
			isa = PBXResourcesBuildPhase;
			buildActionMask = 2147483647;
			files = (
			);
			runOnlyForDeploymentPostprocessing = 0;
		};
/* End PBXResourcesBuildPhase section */

/* Begin PBXSourcesBuildPhase section */
		BA0FCEC419E3DF3A00CE25B1 /* Sources */ = {
			isa = PBXSourcesBuildPhase;
			buildActionMask = 2147483647;
			files = (
				BA0FCED019E3DF3A00CE25B1 /* ViewController.swift in Sources */,
				BA0FCECE19E3DF3A00CE25B1 /* AppDelegate.swift in Sources */,
			);
			runOnlyForDeploymentPostprocessing = 0;
		};
		BA0FCED919E3DF3A00CE25B1 /* Sources */ = {
			isa = PBXSourcesBuildPhase;
			buildActionMask = 2147483647;
			files = (
				BA0FCEE419E3DF3A00CE25B1 /* PostcardTests.swift in Sources */,
			);
			runOnlyForDeploymentPostprocessing = 0;
		};
/* End PBXSourcesBuildPhase section */

/* Begin PBXTargetDependency section */
		BA0FCEDF19E3DF3A00CE25B1 /* PBXTargetDependency */ = {
			isa = PBXTargetDependency;
			target = BA0FCEC719E3DF3A00CE25B1 /* Postcard */;
			targetProxy = BA0FCEDE19E3DF3A00CE25B1 /* PBXContainerItemProxy */;
		};
/* End PBXTargetDependency section */

/* Begin PBXVariantGroup section */
		BA0FCED119E3DF3A00CE25B1 /* Main.storyboard */ = {
			isa = PBXVariantGroup;
			children = (
				BA0FCED219E3DF3A00CE25B1 /* Base */,
			);
			name = Main.storyboard;
			sourceTree = "<group>";
		};
		BA0FCED619E3DF3A00CE25B1 /* LaunchScreen.xib */ = {
			isa = PBXVariantGroup;
			children = (
				BA0FCED719E3DF3A00CE25B1 /* Base */,
			);
			name = LaunchScreen.xib;
			sourceTree = "<group>";
		};
/* End PBXVariantGroup section */

/* Begin XCBuildConfiguration section */
		BA0FCEE519E3DF3A00CE25B1 /* Debug */ = {
			isa = XCBuildConfiguration;
			buildSettings = {
				ALWAYS_SEARCH_USER_PATHS = NO;
				CLANG_CXX_LANGUAGE_STANDARD = "gnu++0x";
				CLANG_CXX_LIBRARY = "libc++";
				CLANG_ENABLE_MODULES = YES;
				CLANG_ENABLE_OBJC_ARC = YES;
				CLANG_WARN_BOOL_CONVERSION = YES;
				CLANG_WARN_CONSTANT_CONVERSION = YES;
				CLANG_WARN_DIRECT_OBJC_ISA_USAGE = YES_ERROR;
				CLANG_WARN_EMPTY_BODY = YES;
				CLANG_WARN_ENUM_CONVERSION = YES;
				CLANG_WARN_INT_CONVERSION = YES;
				CLANG_WARN_OBJC_ROOT_CLASS = YES_ERROR;
				CLANG_WARN_UNREACHABLE_CODE = YES;
				CLANG_WARN__DUPLICATE_METHOD_MATCH = YES;
				"CODE_SIGN_IDENTITY[sdk=iphoneos*]" = "iPhone Developer";
				COPY_PHASE_STRIP = NO;
				ENABLE_STRICT_OBJC_MSGSEND = YES;
				GCC_C_LANGUAGE_STANDARD = gnu99;
				GCC_DYNAMIC_NO_PIC = NO;
				GCC_OPTIMIZATION_LEVEL = 0;
				GCC_PREPROCESSOR_DEFINITIONS = (
					"DEBUG=1",
					"$(inherited)",
				);
				GCC_SYMBOLS_PRIVATE_EXTERN = NO;
				GCC_WARN_64_TO_32_BIT_CONVERSION = YES;
				GCC_WARN_ABOUT_RETURN_TYPE = YES_ERROR;
				GCC_WARN_UNDECLARED_SELECTOR = YES;
				GCC_WARN_UNINITIALIZED_AUTOS = YES_AGGRESSIVE;
				GCC_WARN_UNUSED_FUNCTION = YES;
				GCC_WARN_UNUSED_VARIABLE = YES;
				IPHONEOS_DEPLOYMENT_TARGET = 8.0;
				MTL_ENABLE_DEBUG_INFO = YES;
				ONLY_ACTIVE_ARCH = YES;
				SDKROOT = iphoneos;
				SWIFT_OPTIMIZATION_LEVEL = "-Onone";
				TARGETED_DEVICE_FAMILY = "1,2";
			};
			name = Debug;
		};
		BA0FCEE619E3DF3A00CE25B1 /* Release */ = {
			isa = XCBuildConfiguration;
			buildSettings = {
				ALWAYS_SEARCH_USER_PATHS = NO;
				CLANG_CXX_LANGUAGE_STANDARD = "gnu++0x";
				CLANG_CXX_LIBRARY = "libc++";
				CLANG_ENABLE_MODULES = YES;
				CLANG_ENABLE_OBJC_ARC = YES;
				CLANG_WARN_BOOL_CONVERSION = YES;
				CLANG_WARN_CONSTANT_CONVERSION = YES;
				CLANG_WARN_DIRECT_OBJC_ISA_USAGE = YES_ERROR;
				CLANG_WARN_EMPTY_BODY = YES;
				CLANG_WARN_ENUM_CONVERSION = YES;
				CLANG_WARN_INT_CONVERSION = YES;
				CLANG_WARN_OBJC_ROOT_CLASS = YES_ERROR;
				CLANG_WARN_UNREACHABLE_CODE = YES;
				CLANG_WARN__DUPLICATE_METHOD_MATCH = YES;
				"CODE_SIGN_IDENTITY[sdk=iphoneos*]" = "iPhone Developer";
				COPY_PHASE_STRIP = YES;
				ENABLE_NS_ASSERTIONS = NO;
				ENABLE_STRICT_OBJC_MSGSEND = YES;
				GCC_C_LANGUAGE_STANDARD = gnu99;
				GCC_WARN_64_TO_32_BIT_CONVERSION = YES;
				GCC_WARN_ABOUT_RETURN_TYPE = YES_ERROR;
				GCC_WARN_UNDECLARED_SELECTOR = YES;
				GCC_WARN_UNINITIALIZED_AUTOS = YES_AGGRESSIVE;
				GCC_WARN_UNUSED_FUNCTION = YES;
				GCC_WARN_UNUSED_VARIABLE = YES;
				IPHONEOS_DEPLOYMENT_TARGET = 8.0;
				MTL_ENABLE_DEBUG_INFO = NO;
				SDKROOT = iphoneos;
				TARGETED_DEVICE_FAMILY = "1,2";
				VALIDATE_PRODUCT = YES;
			};
			name = Release;
		};
		BA0FCEE819E3DF3A00CE25B1 /* Debug */ = {
			isa = XCBuildConfiguration;
			buildSettings = {
				ASSETCATALOG_COMPILER_APPICON_NAME = AppIcon;
				INFOPLIST_FILE = Postcard/Info.plist;
				LD_RUNPATH_SEARCH_PATHS = "$(inherited) @executable_path/Frameworks";
				PRODUCT_NAME = "$(TARGET_NAME)";
			};
			name = Debug;
		};
		BA0FCEE919E3DF3A00CE25B1 /* Release */ = {
			isa = XCBuildConfiguration;
			buildSettings = {
				ASSETCATALOG_COMPILER_APPICON_NAME = AppIcon;
				INFOPLIST_FILE = Postcard/Info.plist;
				LD_RUNPATH_SEARCH_PATHS = "$(inherited) @executable_path/Frameworks";
				PRODUCT_NAME = "$(TARGET_NAME)";
			};
			name = Release;
		};
		BA0FCEEB19E3DF3A00CE25B1 /* Debug */ = {
			isa = XCBuildConfiguration;
			buildSettings = {
				BUNDLE_LOADER = "$(TEST_HOST)";
				FRAMEWORK_SEARCH_PATHS = (
					"$(SDKROOT)/Developer/Library/Frameworks",
					"$(inherited)",
				);
				GCC_PREPROCESSOR_DEFINITIONS = (
					"DEBUG=1",
					"$(inherited)",
				);
				INFOPLIST_FILE = PostcardTests/Info.plist;
				LD_RUNPATH_SEARCH_PATHS = "$(inherited) @executable_path/Frameworks @loader_path/Frameworks";
				PRODUCT_NAME = "$(TARGET_NAME)";
				TEST_HOST = "$(BUILT_PRODUCTS_DIR)/Postcard.app/Postcard";
			};
			name = Debug;
		};
		BA0FCEEC19E3DF3A00CE25B1 /* Release */ = {
			isa = XCBuildConfiguration;
			buildSettings = {
				BUNDLE_LOADER = "$(TEST_HOST)";
				FRAMEWORK_SEARCH_PATHS = (
					"$(SDKROOT)/Developer/Library/Frameworks",
					"$(inherited)",
				);
				INFOPLIST_FILE = PostcardTests/Info.plist;
				LD_RUNPATH_SEARCH_PATHS = "$(inherited) @executable_path/Frameworks @loader_path/Frameworks";
				PRODUCT_NAME = "$(TARGET_NAME)";
				TEST_HOST = "$(BUILT_PRODUCTS_DIR)/Postcard.app/Postcard";
			};
			name = Release;
		};
/* End XCBuildConfiguration section */

/* Begin XCConfigurationList section */
		BA0FCEC319E3DF3A00CE25B1 /* Build configuration list for PBXProject "Postcard" */ = {
			isa = XCConfigurationList;
			buildConfigurations = (
				BA0FCEE519E3DF3A00CE25B1 /* Debug */,
				BA0FCEE619E3DF3A00CE25B1 /* Release */,
			);
			defaultConfigurationIsVisible = 0;
			defaultConfigurationName = Release;
		};
		BA0FCEE719E3DF3A00CE25B1 /* Build configuration list for PBXNativeTarget "Postcard" */ = {
			isa = XCConfigurationList;
			buildConfigurations = (
				BA0FCEE819E3DF3A00CE25B1 /* Debug */,
				BA0FCEE919E3DF3A00CE25B1 /* Release */,
			);
			defaultConfigurationIsVisible = 0;
		};
		BA0FCEEA19E3DF3A00CE25B1 /* Build configuration list for PBXNativeTarget "PostcardTests" */ = {
			isa = XCConfigurationList;
			buildConfigurations = (
				BA0FCEEB19E3DF3A00CE25B1 /* Debug */,
				BA0FCEEC19E3DF3A00CE25B1 /* Release */,
			);
			defaultConfigurationIsVisible = 0;
		};
/* End XCConfigurationList section */
	};
	rootObject = BA0FCEC019E3DF3A00CE25B1 /* Project object */;
}
